// !$*UTF8*$!
{
	archiveVersion = 1;
	classes = {
	};
	objectVersion = 56;
	objects = {

/* Begin PBXBuildFile section */
		1BD3D3D02CA647FE00448225 /* goalieStatTrackerApp.swift in Sources */ = {isa = PBXBuildFile; fileRef = 1BD3D3CF2CA647FE00448225 /* goalieStatTrackerApp.swift */; };
		1BD3D3D22CA647FE00448225 /* ContentView.swift in Sources */ = {isa = PBXBuildFile; fileRef = 1BD3D3D12CA647FE00448225 /* ContentView.swift */; };
		1BD3D3D42CA647FF00448225 /* Assets.xcassets in Resources */ = {isa = PBXBuildFile; fileRef = 1BD3D3D32CA647FF00448225 /* Assets.xcassets */; };
		1BD3D3D82CA647FF00448225 /* Preview Assets.xcassets in Resources */ = {isa = PBXBuildFile; fileRef = 1BD3D3D72CA647FF00448225 /* Preview Assets.xcassets */; };
		1BD3D3E22CA647FF00448225 /* goalieStatTrackerTests.swift in Sources */ = {isa = PBXBuildFile; fileRef = 1BD3D3E12CA647FF00448225 /* goalieStatTrackerTests.swift */; };
		1BD3D3EC2CA647FF00448225 /* goalieStatTrackerUITests.swift in Sources */ = {isa = PBXBuildFile; fileRef = 1BD3D3EB2CA647FF00448225 /* goalieStatTrackerUITests.swift */; };
		1BD3D3EE2CA647FF00448225 /* goalieStatTrackerUITestsLaunchTests.swift in Sources */ = {isa = PBXBuildFile; fileRef = 1BD3D3ED2CA647FF00448225 /* goalieStatTrackerUITestsLaunchTests.swift */; };
		1BD3D3FB2CA64A7C00448225 /* scoreKeeperHelper.swift in Sources */ = {isa = PBXBuildFile; fileRef = 1BD3D3FA2CA64A7B00448225 /* scoreKeeperHelper.swift */; };
		1BD3D3FD2CA6592D00448225 /* scoreKeeper.swift in Sources */ = {isa = PBXBuildFile; fileRef = 1BD3D3FC2CA6592D00448225 /* scoreKeeper.swift */; };
		1BD3D3FF2CA8FEEC00448225 /* statCard.swift in Sources */ = {isa = PBXBuildFile; fileRef = 1BD3D3FE2CA8FEEC00448225 /* statCard.swift */; };
		1BD3D4012CA9064200448225 /* historyStatCard.swift in Sources */ = {isa = PBXBuildFile; fileRef = 1BD3D4002CA9064200448225 /* historyStatCard.swift */; };
		1BD3D4032CA9F80500448225 /* Game.swift in Sources */ = {isa = PBXBuildFile; fileRef = 1BD3D4022CA9F80500448225 /* Game.swift */; };
		1BD3D4072CAE32C900448225 /* Team.swift in Sources */ = {isa = PBXBuildFile; fileRef = 1BD3D4062CAE32C900448225 /* Team.swift */; };
		1BD3D4092CB0E1AB00448225 /* scoreKeeperBasic.swift in Sources */ = {isa = PBXBuildFile; fileRef = 1BD3D4082CB0E1AB00448225 /* scoreKeeperBasic.swift */; };
		1BD3D40B2CB0E1DD00448225 /* scoreKeperBasicHelper.swift in Sources */ = {isa = PBXBuildFile; fileRef = 1BD3D40A2CB0E1DD00448225 /* scoreKeperBasicHelper.swift */; };
		1BD3D40D2CB0EC4000448225 /* gameCreator.swift in Sources */ = {isa = PBXBuildFile; fileRef = 1BD3D40C2CB0EC4000448225 /* gameCreator.swift */; };
		1BD3D40F2CB0EC9200448225 /* gameCreatorHelper.swift in Sources */ = {isa = PBXBuildFile; fileRef = 1BD3D40E2CB0EC9200448225 /* gameCreatorHelper.swift */; };
		1BD3D4112CB31BE300448225 /* navBar.swift in Sources */ = {isa = PBXBuildFile; fileRef = 1BD3D4102CB31BE300448225 /* navBar.swift */; };
		1BD3D4132CB3815200448225 /* stats.swift in Sources */ = {isa = PBXBuildFile; fileRef = 1BD3D4122CB3815100448225 /* stats.swift */; };
		1BD3D4152CB3821300448225 /* statsHelper.swift in Sources */ = {isa = PBXBuildFile; fileRef = 1BD3D4142CB3821300448225 /* statsHelper.swift */; };
		1BD3D4172CB3860600448225 /* profile.swift in Sources */ = {isa = PBXBuildFile; fileRef = 1BD3D4162CB3860600448225 /* profile.swift */; };
/* End PBXBuildFile section */

/* Begin PBXContainerItemProxy section */
		1BD3D3DE2CA647FF00448225 /* PBXContainerItemProxy */ = {
			isa = PBXContainerItemProxy;
			containerPortal = 1BD3D3C42CA647FE00448225 /* Project object */;
			proxyType = 1;
			remoteGlobalIDString = 1BD3D3CB2CA647FE00448225;
			remoteInfo = goalieStatTracker;
		};
		1BD3D3E82CA647FF00448225 /* PBXContainerItemProxy */ = {
			isa = PBXContainerItemProxy;
			containerPortal = 1BD3D3C42CA647FE00448225 /* Project object */;
			proxyType = 1;
			remoteGlobalIDString = 1BD3D3CB2CA647FE00448225;
			remoteInfo = goalieStatTracker;
		};
/* End PBXContainerItemProxy section */

/* Begin PBXFileReference section */
		1BD3D3CC2CA647FE00448225 /* goalieStatTracker.app */ = {isa = PBXFileReference; explicitFileType = wrapper.application; includeInIndex = 0; path = goalieStatTracker.app; sourceTree = BUILT_PRODUCTS_DIR; };
		1BD3D3CF2CA647FE00448225 /* goalieStatTrackerApp.swift */ = {isa = PBXFileReference; lastKnownFileType = sourcecode.swift; path = goalieStatTrackerApp.swift; sourceTree = "<group>"; };
		1BD3D3D12CA647FE00448225 /* ContentView.swift */ = {isa = PBXFileReference; lastKnownFileType = sourcecode.swift; path = ContentView.swift; sourceTree = "<group>"; };
		1BD3D3D32CA647FF00448225 /* Assets.xcassets */ = {isa = PBXFileReference; lastKnownFileType = folder.assetcatalog; path = Assets.xcassets; sourceTree = "<group>"; };
		1BD3D3D52CA647FF00448225 /* goalieStatTracker.entitlements */ = {isa = PBXFileReference; lastKnownFileType = text.plist.entitlements; path = goalieStatTracker.entitlements; sourceTree = "<group>"; };
		1BD3D3D72CA647FF00448225 /* Preview Assets.xcassets */ = {isa = PBXFileReference; lastKnownFileType = folder.assetcatalog; path = "Preview Assets.xcassets"; sourceTree = "<group>"; };
		1BD3D3DD2CA647FF00448225 /* goalieStatTrackerTests.xctest */ = {isa = PBXFileReference; explicitFileType = wrapper.cfbundle; includeInIndex = 0; path = goalieStatTrackerTests.xctest; sourceTree = BUILT_PRODUCTS_DIR; };
		1BD3D3E12CA647FF00448225 /* goalieStatTrackerTests.swift */ = {isa = PBXFileReference; lastKnownFileType = sourcecode.swift; path = goalieStatTrackerTests.swift; sourceTree = "<group>"; };
		1BD3D3E72CA647FF00448225 /* goalieStatTrackerUITests.xctest */ = {isa = PBXFileReference; explicitFileType = wrapper.cfbundle; includeInIndex = 0; path = goalieStatTrackerUITests.xctest; sourceTree = BUILT_PRODUCTS_DIR; };
		1BD3D3EB2CA647FF00448225 /* goalieStatTrackerUITests.swift */ = {isa = PBXFileReference; lastKnownFileType = sourcecode.swift; path = goalieStatTrackerUITests.swift; sourceTree = "<group>"; };
		1BD3D3ED2CA647FF00448225 /* goalieStatTrackerUITestsLaunchTests.swift */ = {isa = PBXFileReference; lastKnownFileType = sourcecode.swift; path = goalieStatTrackerUITestsLaunchTests.swift; sourceTree = "<group>"; };
		1BD3D3FA2CA64A7B00448225 /* scoreKeeperHelper.swift */ = {isa = PBXFileReference; lastKnownFileType = sourcecode.swift; path = scoreKeeperHelper.swift; sourceTree = "<group>"; };
		1BD3D3FC2CA6592D00448225 /* scoreKeeper.swift */ = {isa = PBXFileReference; lastKnownFileType = sourcecode.swift; path = scoreKeeper.swift; sourceTree = "<group>"; };
		1BD3D3FE2CA8FEEC00448225 /* statCard.swift */ = {isa = PBXFileReference; lastKnownFileType = sourcecode.swift; path = statCard.swift; sourceTree = "<group>"; };
		1BD3D4002CA9064200448225 /* historyStatCard.swift */ = {isa = PBXFileReference; lastKnownFileType = sourcecode.swift; path = historyStatCard.swift; sourceTree = "<group>"; };
		1BD3D4022CA9F80500448225 /* Game.swift */ = {isa = PBXFileReference; lastKnownFileType = sourcecode.swift; path = Game.swift; sourceTree = "<group>"; };
		1BD3D4062CAE32C900448225 /* Team.swift */ = {isa = PBXFileReference; lastKnownFileType = sourcecode.swift; path = Team.swift; sourceTree = "<group>"; };
		1BD3D4082CB0E1AB00448225 /* scoreKeeperBasic.swift */ = {isa = PBXFileReference; lastKnownFileType = sourcecode.swift; path = scoreKeeperBasic.swift; sourceTree = "<group>"; };
		1BD3D40A2CB0E1DD00448225 /* scoreKeperBasicHelper.swift */ = {isa = PBXFileReference; lastKnownFileType = sourcecode.swift; path = scoreKeperBasicHelper.swift; sourceTree = "<group>"; };
		1BD3D40C2CB0EC4000448225 /* gameCreator.swift */ = {isa = PBXFileReference; lastKnownFileType = sourcecode.swift; path = gameCreator.swift; sourceTree = "<group>"; };
		1BD3D40E2CB0EC9200448225 /* gameCreatorHelper.swift */ = {isa = PBXFileReference; lastKnownFileType = sourcecode.swift; path = gameCreatorHelper.swift; sourceTree = "<group>"; };
		1BD3D4102CB31BE300448225 /* navBar.swift */ = {isa = PBXFileReference; lastKnownFileType = sourcecode.swift; path = navBar.swift; sourceTree = "<group>"; };
		1BD3D4122CB3815100448225 /* stats.swift */ = {isa = PBXFileReference; lastKnownFileType = sourcecode.swift; path = stats.swift; sourceTree = "<group>"; };
		1BD3D4142CB3821300448225 /* statsHelper.swift */ = {isa = PBXFileReference; lastKnownFileType = sourcecode.swift; path = statsHelper.swift; sourceTree = "<group>"; };
		1BD3D4162CB3860600448225 /* profile.swift */ = {isa = PBXFileReference; lastKnownFileType = sourcecode.swift; path = profile.swift; sourceTree = "<group>"; };
/* End PBXFileReference section */

/* Begin PBXFrameworksBuildPhase section */
		1BD3D3C92CA647FE00448225 /* Frameworks */ = {
			isa = PBXFrameworksBuildPhase;
			buildActionMask = 2147483647;
			files = (
			);
			runOnlyForDeploymentPostprocessing = 0;
		};
		1BD3D3DA2CA647FF00448225 /* Frameworks */ = {
			isa = PBXFrameworksBuildPhase;
			buildActionMask = 2147483647;
			files = (
			);
			runOnlyForDeploymentPostprocessing = 0;
		};
		1BD3D3E42CA647FF00448225 /* Frameworks */ = {
			isa = PBXFrameworksBuildPhase;
			buildActionMask = 2147483647;
			files = (
			);
			runOnlyForDeploymentPostprocessing = 0;
		};
/* End PBXFrameworksBuildPhase section */

/* Begin PBXGroup section */
		1BD3D3C32CA647FE00448225 = {
			isa = PBXGroup;
			children = (
				1BD3D3CE2CA647FE00448225 /* goalieStatTracker */,
				1BD3D3E02CA647FF00448225 /* goalieStatTrackerTests */,
				1BD3D3EA2CA647FF00448225 /* goalieStatTrackerUITests */,
				1BD3D3CD2CA647FE00448225 /* Products */,
			);
			sourceTree = "<group>";
		};
		1BD3D3CD2CA647FE00448225 /* Products */ = {
			isa = PBXGroup;
			children = (
				1BD3D3CC2CA647FE00448225 /* goalieStatTracker.app */,
				1BD3D3DD2CA647FF00448225 /* goalieStatTrackerTests.xctest */,
				1BD3D3E72CA647FF00448225 /* goalieStatTrackerUITests.xctest */,
			);
			name = Products;
			sourceTree = "<group>";
		};
		1BD3D3CE2CA647FE00448225 /* goalieStatTracker */ = {
			isa = PBXGroup;
			children = (
				1BD3D3CF2CA647FE00448225 /* goalieStatTrackerApp.swift */,
				1BD3D3D12CA647FE00448225 /* ContentView.swift */,
				1BD3D4162CB3860600448225 /* profile.swift */,
				1BD3D4122CB3815100448225 /* stats.swift */,
				1BD3D4142CB3821300448225 /* statsHelper.swift */,
				1BD3D4102CB31BE300448225 /* navBar.swift */,
				1BD3D40C2CB0EC4000448225 /* gameCreator.swift */,
				1BD3D40E2CB0EC9200448225 /* gameCreatorHelper.swift */,
				1BD3D4002CA9064200448225 /* historyStatCard.swift */,
				1BD3D4082CB0E1AB00448225 /* scoreKeeperBasic.swift */,
				1BD3D40A2CB0E1DD00448225 /* scoreKeperBasicHelper.swift */,
				1BD3D3FE2CA8FEEC00448225 /* statCard.swift */,
				1BD3D3FC2CA6592D00448225 /* scoreKeeper.swift */,
				1BD3D3FA2CA64A7B00448225 /* scoreKeeperHelper.swift */,
				1BD3D4022CA9F80500448225 /* Game.swift */,
				1BD3D4062CAE32C900448225 /* Team.swift */,
				1BD3D3D32CA647FF00448225 /* Assets.xcassets */,
				1BD3D3D52CA647FF00448225 /* goalieStatTracker.entitlements */,
				1BD3D3D62CA647FF00448225 /* Preview Content */,
			);
			path = goalieStatTracker;
			sourceTree = "<group>";
		};
		1BD3D3D62CA647FF00448225 /* Preview Content */ = {
			isa = PBXGroup;
			children = (
				1BD3D3D72CA647FF00448225 /* Preview Assets.xcassets */,
			);
			path = "Preview Content";
			sourceTree = "<group>";
		};
		1BD3D3E02CA647FF00448225 /* goalieStatTrackerTests */ = {
			isa = PBXGroup;
			children = (
				1BD3D3E12CA647FF00448225 /* goalieStatTrackerTests.swift */,
			);
			path = goalieStatTrackerTests;
			sourceTree = "<group>";
		};
		1BD3D3EA2CA647FF00448225 /* goalieStatTrackerUITests */ = {
			isa = PBXGroup;
			children = (
				1BD3D3EB2CA647FF00448225 /* goalieStatTrackerUITests.swift */,
				1BD3D3ED2CA647FF00448225 /* goalieStatTrackerUITestsLaunchTests.swift */,
			);
			path = goalieStatTrackerUITests;
			sourceTree = "<group>";
		};
/* End PBXGroup section */

/* Begin PBXNativeTarget section */
		1BD3D3CB2CA647FE00448225 /* goalieStatTracker */ = {
			isa = PBXNativeTarget;
			buildConfigurationList = 1BD3D3F12CA647FF00448225 /* Build configuration list for PBXNativeTarget "goalieStatTracker" */;
			buildPhases = (
				1BD3D3C82CA647FE00448225 /* Sources */,
				1BD3D3C92CA647FE00448225 /* Frameworks */,
				1BD3D3CA2CA647FE00448225 /* Resources */,
			);
			buildRules = (
			);
			dependencies = (
			);
			name = goalieStatTracker;
			productName = goalieStatTracker;
			productReference = 1BD3D3CC2CA647FE00448225 /* goalieStatTracker.app */;
			productType = "com.apple.product-type.application";
		};
		1BD3D3DC2CA647FF00448225 /* goalieStatTrackerTests */ = {
			isa = PBXNativeTarget;
			buildConfigurationList = 1BD3D3F42CA647FF00448225 /* Build configuration list for PBXNativeTarget "goalieStatTrackerTests" */;
			buildPhases = (
				1BD3D3D92CA647FF00448225 /* Sources */,
				1BD3D3DA2CA647FF00448225 /* Frameworks */,
				1BD3D3DB2CA647FF00448225 /* Resources */,
			);
			buildRules = (
			);
			dependencies = (
				1BD3D3DF2CA647FF00448225 /* PBXTargetDependency */,
			);
			name = goalieStatTrackerTests;
			productName = goalieStatTrackerTests;
			productReference = 1BD3D3DD2CA647FF00448225 /* goalieStatTrackerTests.xctest */;
			productType = "com.apple.product-type.bundle.unit-test";
		};
		1BD3D3E62CA647FF00448225 /* goalieStatTrackerUITests */ = {
			isa = PBXNativeTarget;
			buildConfigurationList = 1BD3D3F72CA647FF00448225 /* Build configuration list for PBXNativeTarget "goalieStatTrackerUITests" */;
			buildPhases = (
				1BD3D3E32CA647FF00448225 /* Sources */,
				1BD3D3E42CA647FF00448225 /* Frameworks */,
				1BD3D3E52CA647FF00448225 /* Resources */,
			);
			buildRules = (
			);
			dependencies = (
				1BD3D3E92CA647FF00448225 /* PBXTargetDependency */,
			);
			name = goalieStatTrackerUITests;
			productName = goalieStatTrackerUITests;
			productReference = 1BD3D3E72CA647FF00448225 /* goalieStatTrackerUITests.xctest */;
			productType = "com.apple.product-type.bundle.ui-testing";
		};
/* End PBXNativeTarget section */

/* Begin PBXProject section */
		1BD3D3C42CA647FE00448225 /* Project object */ = {
			isa = PBXProject;
			attributes = {
				BuildIndependentTargetsInParallel = 1;
				LastSwiftUpdateCheck = 1520;
				LastUpgradeCheck = 1520;
				TargetAttributes = {
					1BD3D3CB2CA647FE00448225 = {
						CreatedOnToolsVersion = 15.2;
					};
					1BD3D3DC2CA647FF00448225 = {
						CreatedOnToolsVersion = 15.2;
						TestTargetID = 1BD3D3CB2CA647FE00448225;
					};
					1BD3D3E62CA647FF00448225 = {
						CreatedOnToolsVersion = 15.2;
						TestTargetID = 1BD3D3CB2CA647FE00448225;
					};
				};
			};
			buildConfigurationList = 1BD3D3C72CA647FE00448225 /* Build configuration list for PBXProject "goalieStatTracker" */;
			compatibilityVersion = "Xcode 14.0";
			developmentRegion = en;
			hasScannedForEncodings = 0;
			knownRegions = (
				en,
				Base,
			);
			mainGroup = 1BD3D3C32CA647FE00448225;
			productRefGroup = 1BD3D3CD2CA647FE00448225 /* Products */;
			projectDirPath = "";
			projectRoot = "";
			targets = (
				1BD3D3CB2CA647FE00448225 /* goalieStatTracker */,
				1BD3D3DC2CA647FF00448225 /* goalieStatTrackerTests */,
				1BD3D3E62CA647FF00448225 /* goalieStatTrackerUITests */,
			);
		};
/* End PBXProject section */

/* Begin PBXResourcesBuildPhase section */
		1BD3D3CA2CA647FE00448225 /* Resources */ = {
			isa = PBXResourcesBuildPhase;
			buildActionMask = 2147483647;
			files = (
				1BD3D3D82CA647FF00448225 /* Preview Assets.xcassets in Resources */,
				1BD3D3D42CA647FF00448225 /* Assets.xcassets in Resources */,
			);
			runOnlyForDeploymentPostprocessing = 0;
		};
		1BD3D3DB2CA647FF00448225 /* Resources */ = {
			isa = PBXResourcesBuildPhase;
			buildActionMask = 2147483647;
			files = (
			);
			runOnlyForDeploymentPostprocessing = 0;
		};
		1BD3D3E52CA647FF00448225 /* Resources */ = {
			isa = PBXResourcesBuildPhase;
			buildActionMask = 2147483647;
			files = (
			);
			runOnlyForDeploymentPostprocessing = 0;
		};
/* End PBXResourcesBuildPhase section */

/* Begin PBXSourcesBuildPhase section */
		1BD3D3C82CA647FE00448225 /* Sources */ = {
			isa = PBXSourcesBuildPhase;
			buildActionMask = 2147483647;
			files = (
				1BD3D4152CB3821300448225 /* statsHelper.swift in Sources */,
				1BD3D3FD2CA6592D00448225 /* scoreKeeper.swift in Sources */,
				1BD3D4132CB3815200448225 /* stats.swift in Sources */,
				1BD3D3FB2CA64A7C00448225 /* scoreKeeperHelper.swift in Sources */,
				1BD3D4032CA9F80500448225 /* Game.swift in Sources */,
				1BD3D4012CA9064200448225 /* historyStatCard.swift in Sources */,
				1BD3D4072CAE32C900448225 /* Team.swift in Sources */,
				1BD3D40D2CB0EC4000448225 /* gameCreator.swift in Sources */,
				1BD3D40B2CB0E1DD00448225 /* scoreKeperBasicHelper.swift in Sources */,
				1BD3D4172CB3860600448225 /* profile.swift in Sources */,
				1BD3D4092CB0E1AB00448225 /* scoreKeeperBasic.swift in Sources */,
				1BD3D4112CB31BE300448225 /* navBar.swift in Sources */,
				1BD3D40F2CB0EC9200448225 /* gameCreatorHelper.swift in Sources */,
				1BD3D3D22CA647FE00448225 /* ContentView.swift in Sources */,
				1BD3D3FF2CA8FEEC00448225 /* statCard.swift in Sources */,
				1BD3D3D02CA647FE00448225 /* goalieStatTrackerApp.swift in Sources */,
			);
			runOnlyForDeploymentPostprocessing = 0;
		};
		1BD3D3D92CA647FF00448225 /* Sources */ = {
			isa = PBXSourcesBuildPhase;
			buildActionMask = 2147483647;
			files = (
				1BD3D3E22CA647FF00448225 /* goalieStatTrackerTests.swift in Sources */,
			);
			runOnlyForDeploymentPostprocessing = 0;
		};
		1BD3D3E32CA647FF00448225 /* Sources */ = {
			isa = PBXSourcesBuildPhase;
			buildActionMask = 2147483647;
			files = (
				1BD3D3EE2CA647FF00448225 /* goalieStatTrackerUITestsLaunchTests.swift in Sources */,
				1BD3D3EC2CA647FF00448225 /* goalieStatTrackerUITests.swift in Sources */,
			);
			runOnlyForDeploymentPostprocessing = 0;
		};
/* End PBXSourcesBuildPhase section */

/* Begin PBXTargetDependency section */
		1BD3D3DF2CA647FF00448225 /* PBXTargetDependency */ = {
			isa = PBXTargetDependency;
			target = 1BD3D3CB2CA647FE00448225 /* goalieStatTracker */;
			targetProxy = 1BD3D3DE2CA647FF00448225 /* PBXContainerItemProxy */;
		};
		1BD3D3E92CA647FF00448225 /* PBXTargetDependency */ = {
			isa = PBXTargetDependency;
			target = 1BD3D3CB2CA647FE00448225 /* goalieStatTracker */;
			targetProxy = 1BD3D3E82CA647FF00448225 /* PBXContainerItemProxy */;
		};
/* End PBXTargetDependency section */

/* Begin XCBuildConfiguration section */
		1BD3D3EF2CA647FF00448225 /* Debug */ = {
			isa = XCBuildConfiguration;
			buildSettings = {
				ALWAYS_SEARCH_USER_PATHS = NO;
				ASSETCATALOG_COMPILER_GENERATE_SWIFT_ASSET_SYMBOL_EXTENSIONS = YES;
				CLANG_ANALYZER_NONNULL = YES;
				CLANG_ANALYZER_NUMBER_OBJECT_CONVERSION = YES_AGGRESSIVE;
				CLANG_CXX_LANGUAGE_STANDARD = "gnu++20";
				CLANG_ENABLE_MODULES = YES;
				CLANG_ENABLE_OBJC_ARC = YES;
				CLANG_ENABLE_OBJC_WEAK = YES;
				CLANG_WARN_BLOCK_CAPTURE_AUTORELEASING = YES;
				CLANG_WARN_BOOL_CONVERSION = YES;
				CLANG_WARN_COMMA = YES;
				CLANG_WARN_CONSTANT_CONVERSION = YES;
				CLANG_WARN_DEPRECATED_OBJC_IMPLEMENTATIONS = YES;
				CLANG_WARN_DIRECT_OBJC_ISA_USAGE = YES_ERROR;
				CLANG_WARN_DOCUMENTATION_COMMENTS = YES;
				CLANG_WARN_EMPTY_BODY = YES;
				CLANG_WARN_ENUM_CONVERSION = YES;
				CLANG_WARN_INFINITE_RECURSION = YES;
				CLANG_WARN_INT_CONVERSION = YES;
				CLANG_WARN_NON_LITERAL_NULL_CONVERSION = YES;
				CLANG_WARN_OBJC_IMPLICIT_RETAIN_SELF = YES;
				CLANG_WARN_OBJC_LITERAL_CONVERSION = YES;
				CLANG_WARN_OBJC_ROOT_CLASS = YES_ERROR;
				CLANG_WARN_QUOTED_INCLUDE_IN_FRAMEWORK_HEADER = YES;
				CLANG_WARN_RANGE_LOOP_ANALYSIS = YES;
				CLANG_WARN_STRICT_PROTOTYPES = YES;
				CLANG_WARN_SUSPICIOUS_MOVE = YES;
				CLANG_WARN_UNGUARDED_AVAILABILITY = YES_AGGRESSIVE;
				CLANG_WARN_UNREACHABLE_CODE = YES;
				CLANG_WARN__DUPLICATE_METHOD_MATCH = YES;
				COPY_PHASE_STRIP = NO;
				DEBUG_INFORMATION_FORMAT = dwarf;
				ENABLE_STRICT_OBJC_MSGSEND = YES;
				ENABLE_TESTABILITY = YES;
				ENABLE_USER_SCRIPT_SANDBOXING = YES;
				GCC_C_LANGUAGE_STANDARD = gnu17;
				GCC_DYNAMIC_NO_PIC = NO;
				GCC_NO_COMMON_BLOCKS = YES;
				GCC_OPTIMIZATION_LEVEL = 0;
				GCC_PREPROCESSOR_DEFINITIONS = (
					"DEBUG=1",
					"$(inherited)",
				);
				GCC_WARN_64_TO_32_BIT_CONVERSION = YES;
				GCC_WARN_ABOUT_RETURN_TYPE = YES_ERROR;
				GCC_WARN_UNDECLARED_SELECTOR = YES;
				GCC_WARN_UNINITIALIZED_AUTOS = YES_AGGRESSIVE;
				GCC_WARN_UNUSED_FUNCTION = YES;
				GCC_WARN_UNUSED_VARIABLE = YES;
				LOCALIZATION_PREFERS_STRING_CATALOGS = YES;
				MTL_ENABLE_DEBUG_INFO = INCLUDE_SOURCE;
				MTL_FAST_MATH = YES;
				ONLY_ACTIVE_ARCH = YES;
				SWIFT_ACTIVE_COMPILATION_CONDITIONS = "DEBUG $(inherited)";
				SWIFT_OPTIMIZATION_LEVEL = "-Onone";
			};
			name = Debug;
		};
		1BD3D3F02CA647FF00448225 /* Release */ = {
			isa = XCBuildConfiguration;
			buildSettings = {
				ALWAYS_SEARCH_USER_PATHS = NO;
				ASSETCATALOG_COMPILER_GENERATE_SWIFT_ASSET_SYMBOL_EXTENSIONS = YES;
				CLANG_ANALYZER_NONNULL = YES;
				CLANG_ANALYZER_NUMBER_OBJECT_CONVERSION = YES_AGGRESSIVE;
				CLANG_CXX_LANGUAGE_STANDARD = "gnu++20";
				CLANG_ENABLE_MODULES = YES;
				CLANG_ENABLE_OBJC_ARC = YES;
				CLANG_ENABLE_OBJC_WEAK = YES;
				CLANG_WARN_BLOCK_CAPTURE_AUTORELEASING = YES;
				CLANG_WARN_BOOL_CONVERSION = YES;
				CLANG_WARN_COMMA = YES;
				CLANG_WARN_CONSTANT_CONVERSION = YES;
				CLANG_WARN_DEPRECATED_OBJC_IMPLEMENTATIONS = YES;
				CLANG_WARN_DIRECT_OBJC_ISA_USAGE = YES_ERROR;
				CLANG_WARN_DOCUMENTATION_COMMENTS = YES;
				CLANG_WARN_EMPTY_BODY = YES;
				CLANG_WARN_ENUM_CONVERSION = YES;
				CLANG_WARN_INFINITE_RECURSION = YES;
				CLANG_WARN_INT_CONVERSION = YES;
				CLANG_WARN_NON_LITERAL_NULL_CONVERSION = YES;
				CLANG_WARN_OBJC_IMPLICIT_RETAIN_SELF = YES;
				CLANG_WARN_OBJC_LITERAL_CONVERSION = YES;
				CLANG_WARN_OBJC_ROOT_CLASS = YES_ERROR;
				CLANG_WARN_QUOTED_INCLUDE_IN_FRAMEWORK_HEADER = YES;
				CLANG_WARN_RANGE_LOOP_ANALYSIS = YES;
				CLANG_WARN_STRICT_PROTOTYPES = YES;
				CLANG_WARN_SUSPICIOUS_MOVE = YES;
				CLANG_WARN_UNGUARDED_AVAILABILITY = YES_AGGRESSIVE;
				CLANG_WARN_UNREACHABLE_CODE = YES;
				CLANG_WARN__DUPLICATE_METHOD_MATCH = YES;
				COPY_PHASE_STRIP = NO;
				DEBUG_INFORMATION_FORMAT = "dwarf-with-dsym";
				ENABLE_NS_ASSERTIONS = NO;
				ENABLE_STRICT_OBJC_MSGSEND = YES;
				ENABLE_USER_SCRIPT_SANDBOXING = YES;
				GCC_C_LANGUAGE_STANDARD = gnu17;
				GCC_NO_COMMON_BLOCKS = YES;
				GCC_WARN_64_TO_32_BIT_CONVERSION = YES;
				GCC_WARN_ABOUT_RETURN_TYPE = YES_ERROR;
				GCC_WARN_UNDECLARED_SELECTOR = YES;
				GCC_WARN_UNINITIALIZED_AUTOS = YES_AGGRESSIVE;
				GCC_WARN_UNUSED_FUNCTION = YES;
				GCC_WARN_UNUSED_VARIABLE = YES;
				LOCALIZATION_PREFERS_STRING_CATALOGS = YES;
				MTL_ENABLE_DEBUG_INFO = NO;
				MTL_FAST_MATH = YES;
				SWIFT_COMPILATION_MODE = wholemodule;
			};
			name = Release;
		};
		1BD3D3F22CA647FF00448225 /* Debug */ = {
			isa = XCBuildConfiguration;
			buildSettings = {
				ASSETCATALOG_COMPILER_APPICON_NAME = AppIcon;
				ASSETCATALOG_COMPILER_GLOBAL_ACCENT_COLOR_NAME = AccentColor;
				CODE_SIGN_ENTITLEMENTS = goalieStatTracker/goalieStatTracker.entitlements;
				CODE_SIGN_STYLE = Automatic;
				CURRENT_PROJECT_VERSION = 1;
				DEVELOPMENT_ASSET_PATHS = "\"goalieStatTracker/Preview Content\"";
				DEVELOPMENT_TEAM = 55H49T5396;
				ENABLE_HARDENED_RUNTIME = YES;
				ENABLE_PREVIEWS = YES;
				GENERATE_INFOPLIST_FILE = YES;
				"INFOPLIST_KEY_UIApplicationSceneManifest_Generation[sdk=iphoneos*]" = YES;
				"INFOPLIST_KEY_UIApplicationSceneManifest_Generation[sdk=iphonesimulator*]" = YES;
				"INFOPLIST_KEY_UIApplicationSupportsIndirectInputEvents[sdk=iphoneos*]" = YES;
				"INFOPLIST_KEY_UIApplicationSupportsIndirectInputEvents[sdk=iphonesimulator*]" = YES;
				"INFOPLIST_KEY_UILaunchScreen_Generation[sdk=iphoneos*]" = YES;
				"INFOPLIST_KEY_UILaunchScreen_Generation[sdk=iphonesimulator*]" = YES;
				"INFOPLIST_KEY_UIStatusBarStyle[sdk=iphoneos*]" = UIStatusBarStyleDefault;
				"INFOPLIST_KEY_UIStatusBarStyle[sdk=iphonesimulator*]" = UIStatusBarStyleDefault;
				INFOPLIST_KEY_UISupportedInterfaceOrientations_iPad = "UIInterfaceOrientationPortrait UIInterfaceOrientationPortraitUpsideDown UIInterfaceOrientationLandscapeLeft UIInterfaceOrientationLandscapeRight";
				INFOPLIST_KEY_UISupportedInterfaceOrientations_iPhone = "UIInterfaceOrientationPortrait UIInterfaceOrientationLandscapeLeft UIInterfaceOrientationLandscapeRight";
				IPHONEOS_DEPLOYMENT_TARGET = 17.2;
				LD_RUNPATH_SEARCH_PATHS = "@executable_path/Frameworks";
				"LD_RUNPATH_SEARCH_PATHS[sdk=macosx*]" = "@executable_path/../Frameworks";
				MACOSX_DEPLOYMENT_TARGET = 14.2;
				MARKETING_VERSION = 1.0;
				PRODUCT_BUNDLE_IDENTIFIER = randWords.goalieStatTracker;
				PRODUCT_NAME = "$(TARGET_NAME)";
				SDKROOT = auto;
				SUPPORTED_PLATFORMS = "iphoneos iphonesimulator macosx";
				SWIFT_EMIT_LOC_STRINGS = YES;
				SWIFT_VERSION = 5.0;
				TARGETED_DEVICE_FAMILY = "1,2";
			};
			name = Debug;
		};
		1BD3D3F32CA647FF00448225 /* Release */ = {
			isa = XCBuildConfiguration;
			buildSettings = {
				ASSETCATALOG_COMPILER_APPICON_NAME = AppIcon;
				ASSETCATALOG_COMPILER_GLOBAL_ACCENT_COLOR_NAME = AccentColor;
				CODE_SIGN_ENTITLEMENTS = goalieStatTracker/goalieStatTracker.entitlements;
				CODE_SIGN_STYLE = Automatic;
				CURRENT_PROJECT_VERSION = 1;
				DEVELOPMENT_ASSET_PATHS = "\"goalieStatTracker/Preview Content\"";
				DEVELOPMENT_TEAM = 55H49T5396;
				ENABLE_HARDENED_RUNTIME = YES;
				ENABLE_PREVIEWS = YES;
				GENERATE_INFOPLIST_FILE = YES;
				"INFOPLIST_KEY_UIApplicationSceneManifest_Generation[sdk=iphoneos*]" = YES;
				"INFOPLIST_KEY_UIApplicationSceneManifest_Generation[sdk=iphonesimulator*]" = YES;
				"INFOPLIST_KEY_UIApplicationSupportsIndirectInputEvents[sdk=iphoneos*]" = YES;
				"INFOPLIST_KEY_UIApplicationSupportsIndirectInputEvents[sdk=iphonesimulator*]" = YES;
				"INFOPLIST_KEY_UILaunchScreen_Generation[sdk=iphoneos*]" = YES;
				"INFOPLIST_KEY_UILaunchScreen_Generation[sdk=iphonesimulator*]" = YES;
				"INFOPLIST_KEY_UIStatusBarStyle[sdk=iphoneos*]" = UIStatusBarStyleDefault;
				"INFOPLIST_KEY_UIStatusBarStyle[sdk=iphonesimulator*]" = UIStatusBarStyleDefault;
				INFOPLIST_KEY_UISupportedInterfaceOrientations_iPad = "UIInterfaceOrientationPortrait UIInterfaceOrientationPortraitUpsideDown UIInterfaceOrientationLandscapeLeft UIInterfaceOrientationLandscapeRight";
				INFOPLIST_KEY_UISupportedInterfaceOrientations_iPhone = "UIInterfaceOrientationPortrait UIInterfaceOrientationLandscapeLeft UIInterfaceOrientationLandscapeRight";
				IPHONEOS_DEPLOYMENT_TARGET = 17.2;
				LD_RUNPATH_SEARCH_PATHS = "@executable_path/Frameworks";
				"LD_RUNPATH_SEARCH_PATHS[sdk=macosx*]" = "@executable_path/../Frameworks";
				MACOSX_DEPLOYMENT_TARGET = 14.2;
				MARKETING_VERSION = 1.0;
				PRODUCT_BUNDLE_IDENTIFIER = randWords.goalieStatTracker;
				PRODUCT_NAME = "$(TARGET_NAME)";
				SDKROOT = auto;
				SUPPORTED_PLATFORMS = "iphoneos iphonesimulator macosx";
				SWIFT_EMIT_LOC_STRINGS = YES;
				SWIFT_VERSION = 5.0;
				TARGETED_DEVICE_FAMILY = "1,2";
			};
			name = Release;
		};
		1BD3D3F52CA647FF00448225 /* Debug */ = {
			isa = XCBuildConfiguration;
			buildSettings = {
				ALWAYS_EMBED_SWIFT_STANDARD_LIBRARIES = YES;
				BUNDLE_LOADER = "$(TEST_HOST)";
				CODE_SIGN_STYLE = Automatic;
				CURRENT_PROJECT_VERSION = 1;
				DEVELOPMENT_TEAM = 55H49T5396;
				GENERATE_INFOPLIST_FILE = YES;
				IPHONEOS_DEPLOYMENT_TARGET = 17.2;
				MACOSX_DEPLOYMENT_TARGET = 14.2;
				MARKETING_VERSION = 1.0;
				PRODUCT_BUNDLE_IDENTIFIER = randWords.goalieStatTrackerTests;
				PRODUCT_NAME = "$(TARGET_NAME)";
				SDKROOT = auto;
				SUPPORTED_PLATFORMS = "iphoneos iphonesimulator macosx";
				SWIFT_EMIT_LOC_STRINGS = NO;
				SWIFT_VERSION = 5.0;
				TARGETED_DEVICE_FAMILY = "1,2";
				TEST_HOST = "$(BUILT_PRODUCTS_DIR)/goalieStatTracker.app/$(BUNDLE_EXECUTABLE_FOLDER_PATH)/goalieStatTracker";
			};
			name = Debug;
		};
		1BD3D3F62CA647FF00448225 /* Release */ = {
			isa = XCBuildConfiguration;
			buildSettings = {
				ALWAYS_EMBED_SWIFT_STANDARD_LIBRARIES = YES;
				BUNDLE_LOADER = "$(TEST_HOST)";
				CODE_SIGN_STYLE = Automatic;
				CURRENT_PROJECT_VERSION = 1;
				DEVELOPMENT_TEAM = 55H49T5396;
				GENERATE_INFOPLIST_FILE = YES;
				IPHONEOS_DEPLOYMENT_TARGET = 17.2;
				MACOSX_DEPLOYMENT_TARGET = 14.2;
				MARKETING_VERSION = 1.0;
				PRODUCT_BUNDLE_IDENTIFIER = randWords.goalieStatTrackerTests;
				PRODUCT_NAME = "$(TARGET_NAME)";
				SDKROOT = auto;
				SUPPORTED_PLATFORMS = "iphoneos iphonesimulator macosx";
				SWIFT_EMIT_LOC_STRINGS = NO;
				SWIFT_VERSION = 5.0;
				TARGETED_DEVICE_FAMILY = "1,2";
				TEST_HOST = "$(BUILT_PRODUCTS_DIR)/goalieStatTracker.app/$(BUNDLE_EXECUTABLE_FOLDER_PATH)/goalieStatTracker";
			};
			name = Release;
		};
		1BD3D3F82CA647FF00448225 /* Debug */ = {
			isa = XCBuildConfiguration;
			buildSettings = {
				ALWAYS_EMBED_SWIFT_STANDARD_LIBRARIES = YES;
				CODE_SIGN_STYLE = Automatic;
				CURRENT_PROJECT_VERSION = 1;
				DEVELOPMENT_TEAM = 55H49T5396;
				GENERATE_INFOPLIST_FILE = YES;
				IPHONEOS_DEPLOYMENT_TARGET = 17.2;
				MACOSX_DEPLOYMENT_TARGET = 14.2;
				MARKETING_VERSION = 1.0;
				PRODUCT_BUNDLE_IDENTIFIER = randWords.goalieStatTrackerUITests;
				PRODUCT_NAME = "$(TARGET_NAME)";
				SDKROOT = auto;
				SUPPORTED_PLATFORMS = "iphoneos iphonesimulator macosx";
				SWIFT_EMIT_LOC_STRINGS = NO;
				SWIFT_VERSION = 5.0;
				TARGETED_DEVICE_FAMILY = "1,2";
				TEST_TARGET_NAME = goalieStatTracker;
			};
			name = Debug;
		};
		1BD3D3F92CA647FF00448225 /* Release */ = {
			isa = XCBuildConfiguration;
			buildSettings = {
				ALWAYS_EMBED_SWIFT_STANDARD_LIBRARIES = YES;
				CODE_SIGN_STYLE = Automatic;
				CURRENT_PROJECT_VERSION = 1;
				DEVELOPMENT_TEAM = 55H49T5396;
				GENERATE_INFOPLIST_FILE = YES;
				IPHONEOS_DEPLOYMENT_TARGET = 17.2;
				MACOSX_DEPLOYMENT_TARGET = 14.2;
				MARKETING_VERSION = 1.0;
				PRODUCT_BUNDLE_IDENTIFIER = randWords.goalieStatTrackerUITests;
				PRODUCT_NAME = "$(TARGET_NAME)";
				SDKROOT = auto;
				SUPPORTED_PLATFORMS = "iphoneos iphonesimulator macosx";
				SWIFT_EMIT_LOC_STRINGS = NO;
				SWIFT_VERSION = 5.0;
				TARGETED_DEVICE_FAMILY = "1,2";
				TEST_TARGET_NAME = goalieStatTracker;
			};
			name = Release;
		};
/* End XCBuildConfiguration section */

/* Begin XCConfigurationList section */
		1BD3D3C72CA647FE00448225 /* Build configuration list for PBXProject "goalieStatTracker" */ = {
			isa = XCConfigurationList;
			buildConfigurations = (
				1BD3D3EF2CA647FF00448225 /* Debug */,
				1BD3D3F02CA647FF00448225 /* Release */,
			);
			defaultConfigurationIsVisible = 0;
			defaultConfigurationName = Release;
		};
		1BD3D3F12CA647FF00448225 /* Build configuration list for PBXNativeTarget "goalieStatTracker" */ = {
			isa = XCConfigurationList;
			buildConfigurations = (
				1BD3D3F22CA647FF00448225 /* Debug */,
				1BD3D3F32CA647FF00448225 /* Release */,
			);
			defaultConfigurationIsVisible = 0;
			defaultConfigurationName = Release;
		};
		1BD3D3F42CA647FF00448225 /* Build configuration list for PBXNativeTarget "goalieStatTrackerTests" */ = {
			isa = XCConfigurationList;
			buildConfigurations = (
				1BD3D3F52CA647FF00448225 /* Debug */,
				1BD3D3F62CA647FF00448225 /* Release */,
			);
			defaultConfigurationIsVisible = 0;
			defaultConfigurationName = Release;
		};
		1BD3D3F72CA647FF00448225 /* Build configuration list for PBXNativeTarget "goalieStatTrackerUITests" */ = {
			isa = XCConfigurationList;
			buildConfigurations = (
				1BD3D3F82CA647FF00448225 /* Debug */,
				1BD3D3F92CA647FF00448225 /* Release */,
			);
			defaultConfigurationIsVisible = 0;
			defaultConfigurationName = Release;
		};
/* End XCConfigurationList section */
	};
	rootObject = 1BD3D3C42CA647FE00448225 /* Project object */;
}
